// !$*UTF8*$!
{
	archiveVersion = 1;
	classes = {
	};
	objectVersion = 56;
	objects = {

/* Begin PBXBuildFile section */
		3F4A18602A6061EA00E8B496 /* StepCounterApp.swift in Sources */ = {isa = PBXBuildFile; fileRef = 3F4A185F2A6061EA00E8B496 /* StepCounterApp.swift */; };
		3F4A18622A6061EA00E8B496 /* ContentView.swift in Sources */ = {isa = PBXBuildFile; fileRef = 3F4A18612A6061EA00E8B496 /* ContentView.swift */; };
		3F4A18642A6061EA00E8B496 /* Assets.xcassets in Resources */ = {isa = PBXBuildFile; fileRef = 3F4A18632A6061EA00E8B496 /* Assets.xcassets */; };
		3F4A18672A6061EA00E8B496 /* Preview Assets.xcassets in Resources */ = {isa = PBXBuildFile; fileRef = 3F4A18662A6061EA00E8B496 /* Preview Assets.xcassets */; };
		3F4A18742A60621600E8B496 /* WidgetKit.framework in Frameworks */ = {isa = PBXBuildFile; fileRef = 3F4A18732A60621600E8B496 /* WidgetKit.framework */; };
		3F4A18762A60621600E8B496 /* SwiftUI.framework in Frameworks */ = {isa = PBXBuildFile; fileRef = 3F4A18752A60621600E8B496 /* SwiftUI.framework */; };
		3F4A18792A60621600E8B496 /* StepCounterWidgetBundle.swift in Sources */ = {isa = PBXBuildFile; fileRef = 3F4A18782A60621600E8B496 /* StepCounterWidgetBundle.swift */; };
		3F4A187B2A60621600E8B496 /* StepCounterWidgetLiveActivity.swift in Sources */ = {isa = PBXBuildFile; fileRef = 3F4A187A2A60621600E8B496 /* StepCounterWidgetLiveActivity.swift */; };
		3F4A187D2A60621600E8B496 /* StepCounterWidget.swift in Sources */ = {isa = PBXBuildFile; fileRef = 3F4A187C2A60621600E8B496 /* StepCounterWidget.swift */; };
		3F4A18802A60621800E8B496 /* Assets.xcassets in Resources */ = {isa = PBXBuildFile; fileRef = 3F4A187F2A60621800E8B496 /* Assets.xcassets */; };
		3F4A18822A60621800E8B496 /* StepCounterWidget.intentdefinition in Sources */ = {isa = PBXBuildFile; fileRef = 3F4A187E2A60621600E8B496 /* StepCounterWidget.intentdefinition */; };
		3F4A18832A60621800E8B496 /* StepCounterWidget.intentdefinition in Sources */ = {isa = PBXBuildFile; fileRef = 3F4A187E2A60621600E8B496 /* StepCounterWidget.intentdefinition */; };
		3F4A18862A60621800E8B496 /* StepCounterWidgetExtension.appex in Embed Foundation Extensions */ = {isa = PBXBuildFile; fileRef = 3F4A18712A60621600E8B496 /* StepCounterWidgetExtension.appex */; settings = {ATTRIBUTES = (RemoveHeadersOnCopy, ); }; };
		3F4A188C2A6067E400E8B496 /* PoetsenOne-Regular.ttf in Resources */ = {isa = PBXBuildFile; fileRef = 3F4A188B2A6067E400E8B496 /* PoetsenOne-Regular.ttf */; };
		3F4A18932A60733500E8B496 /* HealthKit.framework in Frameworks */ = {isa = PBXBuildFile; fileRef = 3F4A18922A60733500E8B496 /* HealthKit.framework */; };
		3F4A18952A60734100E8B496 /* HealthKitUI.framework in Frameworks */ = {isa = PBXBuildFile; fileRef = 3F4A18942A60734100E8B496 /* HealthKitUI.framework */; };
		3F4A18992A6075EC00E8B496 /* CountSteps.swift in Sources */ = {isa = PBXBuildFile; fileRef = 3F4A188D2A606A3500E8B496 /* CountSteps.swift */; };
		3F61BD7C2A60A32C0078AA1E /* CountSteps.swift in Sources */ = {isa = PBXBuildFile; fileRef = 3F4A188D2A606A3500E8B496 /* CountSteps.swift */; };
/* End PBXBuildFile section */

/* Begin PBXContainerItemProxy section */
		3F4A18842A60621800E8B496 /* PBXContainerItemProxy */ = {
			isa = PBXContainerItemProxy;
			containerPortal = 3F4A18542A6061EA00E8B496 /* Project object */;
			proxyType = 1;
			remoteGlobalIDString = 3F4A18702A60621600E8B496;
			remoteInfo = StepCounterWidgetExtension;
		};
/* End PBXContainerItemProxy section */

/* Begin PBXCopyFilesBuildPhase section */
		3F4A188A2A60621800E8B496 /* Embed Foundation Extensions */ = {
			isa = PBXCopyFilesBuildPhase;
			buildActionMask = 2147483647;
			dstPath = "";
			dstSubfolderSpec = 13;
			files = (
				3F4A18862A60621800E8B496 /* StepCounterWidgetExtension.appex in Embed Foundation Extensions */,
			);
			name = "Embed Foundation Extensions";
			runOnlyForDeploymentPostprocessing = 0;
		};
/* End PBXCopyFilesBuildPhase section */

/* Begin PBXFileReference section */
		3F4A185C2A6061EA00E8B496 /* StepCounter.app */ = {isa = PBXFileReference; explicitFileType = wrapper.application; includeInIndex = 0; path = StepCounter.app; sourceTree = BUILT_PRODUCTS_DIR; };
		3F4A185F2A6061EA00E8B496 /* StepCounterApp.swift */ = {isa = PBXFileReference; lastKnownFileType = sourcecode.swift; path = StepCounterApp.swift; sourceTree = "<group>"; };
		3F4A18612A6061EA00E8B496 /* ContentView.swift */ = {isa = PBXFileReference; lastKnownFileType = sourcecode.swift; path = ContentView.swift; sourceTree = "<group>"; };
		3F4A18632A6061EA00E8B496 /* Assets.xcassets */ = {isa = PBXFileReference; lastKnownFileType = folder.assetcatalog; path = Assets.xcassets; sourceTree = "<group>"; };
		3F4A18662A6061EA00E8B496 /* Preview Assets.xcassets */ = {isa = PBXFileReference; lastKnownFileType = folder.assetcatalog; path = "Preview Assets.xcassets"; sourceTree = "<group>"; };
		3F4A18712A60621600E8B496 /* StepCounterWidgetExtension.appex */ = {isa = PBXFileReference; explicitFileType = "wrapper.app-extension"; includeInIndex = 0; path = StepCounterWidgetExtension.appex; sourceTree = BUILT_PRODUCTS_DIR; };
		3F4A18732A60621600E8B496 /* WidgetKit.framework */ = {isa = PBXFileReference; lastKnownFileType = wrapper.framework; name = WidgetKit.framework; path = System/Library/Frameworks/WidgetKit.framework; sourceTree = SDKROOT; };
		3F4A18752A60621600E8B496 /* SwiftUI.framework */ = {isa = PBXFileReference; lastKnownFileType = wrapper.framework; name = SwiftUI.framework; path = System/Library/Frameworks/SwiftUI.framework; sourceTree = SDKROOT; };
		3F4A18782A60621600E8B496 /* StepCounterWidgetBundle.swift */ = {isa = PBXFileReference; lastKnownFileType = sourcecode.swift; path = StepCounterWidgetBundle.swift; sourceTree = "<group>"; };
		3F4A187A2A60621600E8B496 /* StepCounterWidgetLiveActivity.swift */ = {isa = PBXFileReference; lastKnownFileType = sourcecode.swift; path = StepCounterWidgetLiveActivity.swift; sourceTree = "<group>"; };
		3F4A187C2A60621600E8B496 /* StepCounterWidget.swift */ = {isa = PBXFileReference; lastKnownFileType = sourcecode.swift; path = StepCounterWidget.swift; sourceTree = "<group>"; };
		3F4A187E2A60621600E8B496 /* StepCounterWidget.intentdefinition */ = {isa = PBXFileReference; lastKnownFileType = file.intentdefinition; path = StepCounterWidget.intentdefinition; sourceTree = "<group>"; };
		3F4A187F2A60621800E8B496 /* Assets.xcassets */ = {isa = PBXFileReference; lastKnownFileType = folder.assetcatalog; path = Assets.xcassets; sourceTree = "<group>"; };
		3F4A18812A60621800E8B496 /* Info.plist */ = {isa = PBXFileReference; lastKnownFileType = text.plist.xml; path = Info.plist; sourceTree = "<group>"; };
		3F4A188B2A6067E400E8B496 /* PoetsenOne-Regular.ttf */ = {isa = PBXFileReference; lastKnownFileType = file; path = "PoetsenOne-Regular.ttf"; sourceTree = "<group>"; };
		3F4A188D2A606A3500E8B496 /* CountSteps.swift */ = {isa = PBXFileReference; lastKnownFileType = sourcecode.swift; path = CountSteps.swift; sourceTree = "<group>"; };
		3F4A18922A60733500E8B496 /* HealthKit.framework */ = {isa = PBXFileReference; lastKnownFileType = wrapper.framework; name = HealthKit.framework; path = System/Library/Frameworks/HealthKit.framework; sourceTree = SDKROOT; };
		3F4A18942A60734100E8B496 /* HealthKitUI.framework */ = {isa = PBXFileReference; lastKnownFileType = wrapper.framework; name = HealthKitUI.framework; path = System/Library/Frameworks/HealthKitUI.framework; sourceTree = SDKROOT; };
		3F4A18962A60748B00E8B496 /* StepCounterWidgetExtension.entitlements */ = {isa = PBXFileReference; lastKnownFileType = text.plist.entitlements; path = StepCounterWidgetExtension.entitlements; sourceTree = "<group>"; };
		3F4A18972A6074C000E8B496 /* StepCounter.entitlements */ = {isa = PBXFileReference; lastKnownFileType = text.plist.entitlements; path = StepCounter.entitlements; sourceTree = "<group>"; };
/* End PBXFileReference section */

/* Begin PBXFrameworksBuildPhase section */
		3F4A18592A6061EA00E8B496 /* Frameworks */ = {
			isa = PBXFrameworksBuildPhase;
			buildActionMask = 2147483647;
			files = (
			);
			runOnlyForDeploymentPostprocessing = 0;
		};
		3F4A186E2A60621600E8B496 /* Frameworks */ = {
			isa = PBXFrameworksBuildPhase;
			buildActionMask = 2147483647;
			files = (
				3F4A18932A60733500E8B496 /* HealthKit.framework in Frameworks */,
				3F4A18952A60734100E8B496 /* HealthKitUI.framework in Frameworks */,
				3F4A18762A60621600E8B496 /* SwiftUI.framework in Frameworks */,
				3F4A18742A60621600E8B496 /* WidgetKit.framework in Frameworks */,
			);
			runOnlyForDeploymentPostprocessing = 0;
		};
/* End PBXFrameworksBuildPhase section */

/* Begin PBXGroup section */
		3F4A18532A6061EA00E8B496 = {
			isa = PBXGroup;
			children = (
				3F4A18962A60748B00E8B496 /* StepCounterWidgetExtension.entitlements */,
				3F4A185E2A6061EA00E8B496 /* StepCounter */,
				3F4A18772A60621600E8B496 /* StepCounterWidget */,
				3F4A18722A60621600E8B496 /* Frameworks */,
				3F4A185D2A6061EA00E8B496 /* Products */,
			);
			sourceTree = "<group>";
		};
		3F4A185D2A6061EA00E8B496 /* Products */ = {
			isa = PBXGroup;
			children = (
				3F4A185C2A6061EA00E8B496 /* StepCounter.app */,
				3F4A18712A60621600E8B496 /* StepCounterWidgetExtension.appex */,
			);
			name = Products;
			sourceTree = "<group>";
		};
		3F4A185E2A6061EA00E8B496 /* StepCounter */ = {
			isa = PBXGroup;
			children = (
				3F4A18972A6074C000E8B496 /* StepCounter.entitlements */,
				3F4A185F2A6061EA00E8B496 /* StepCounterApp.swift */,
				3F4A18612A6061EA00E8B496 /* ContentView.swift */,
				3F4A188D2A606A3500E8B496 /* CountSteps.swift */,
				3F4A18632A6061EA00E8B496 /* Assets.xcassets */,
				3F4A18652A6061EA00E8B496 /* Preview Content */,
			);
			path = StepCounter;
			sourceTree = "<group>";
		};
		3F4A18652A6061EA00E8B496 /* Preview Content */ = {
			isa = PBXGroup;
			children = (
				3F4A18662A6061EA00E8B496 /* Preview Assets.xcassets */,
			);
			path = "Preview Content";
			sourceTree = "<group>";
		};
		3F4A18722A60621600E8B496 /* Frameworks */ = {
			isa = PBXGroup;
			children = (
				3F4A18942A60734100E8B496 /* HealthKitUI.framework */,
				3F4A18922A60733500E8B496 /* HealthKit.framework */,
				3F4A18732A60621600E8B496 /* WidgetKit.framework */,
				3F4A18752A60621600E8B496 /* SwiftUI.framework */,
			);
			name = Frameworks;
			sourceTree = "<group>";
		};
		3F4A18772A60621600E8B496 /* StepCounterWidget */ = {
			isa = PBXGroup;
			children = (
				3F4A18782A60621600E8B496 /* StepCounterWidgetBundle.swift */,
				3F4A187A2A60621600E8B496 /* StepCounterWidgetLiveActivity.swift */,
				3F4A187C2A60621600E8B496 /* StepCounterWidget.swift */,
				3F4A188B2A6067E400E8B496 /* PoetsenOne-Regular.ttf */,
				3F4A187E2A60621600E8B496 /* StepCounterWidget.intentdefinition */,
				3F4A187F2A60621800E8B496 /* Assets.xcassets */,
				3F4A18812A60621800E8B496 /* Info.plist */,
			);
			path = StepCounterWidget;
			sourceTree = "<group>";
		};
/* End PBXGroup section */

/* Begin PBXNativeTarget section */
		3F4A185B2A6061EA00E8B496 /* StepCounter */ = {
			isa = PBXNativeTarget;
			buildConfigurationList = 3F4A186A2A6061EA00E8B496 /* Build configuration list for PBXNativeTarget "StepCounter" */;
			buildPhases = (
				3F4A18582A6061EA00E8B496 /* Sources */,
				3F4A18592A6061EA00E8B496 /* Frameworks */,
				3F4A185A2A6061EA00E8B496 /* Resources */,
				3F4A188A2A60621800E8B496 /* Embed Foundation Extensions */,
			);
			buildRules = (
			);
			dependencies = (
				3F4A18852A60621800E8B496 /* PBXTargetDependency */,
			);
			name = StepCounter;
			productName = StepCounter;
			productReference = 3F4A185C2A6061EA00E8B496 /* StepCounter.app */;
			productType = "com.apple.product-type.application";
		};
		3F4A18702A60621600E8B496 /* StepCounterWidgetExtension */ = {
			isa = PBXNativeTarget;
			buildConfigurationList = 3F4A18872A60621800E8B496 /* Build configuration list for PBXNativeTarget "StepCounterWidgetExtension" */;
			buildPhases = (
				3F4A186D2A60621600E8B496 /* Sources */,
				3F4A186E2A60621600E8B496 /* Frameworks */,
				3F4A186F2A60621600E8B496 /* Resources */,
			);
			buildRules = (
			);
			dependencies = (
			);
			name = StepCounterWidgetExtension;
			productName = StepCounterWidgetExtension;
			productReference = 3F4A18712A60621600E8B496 /* StepCounterWidgetExtension.appex */;
			productType = "com.apple.product-type.app-extension";
		};
/* End PBXNativeTarget section */

/* Begin PBXProject section */
		3F4A18542A6061EA00E8B496 /* Project object */ = {
			isa = PBXProject;
			attributes = {
				BuildIndependentTargetsInParallel = 1;
				LastSwiftUpdateCheck = 1420;
				LastUpgradeCheck = 1420;
				TargetAttributes = {
					3F4A185B2A6061EA00E8B496 = {
						CreatedOnToolsVersion = 14.2;
					};
					3F4A18702A60621600E8B496 = {
						CreatedOnToolsVersion = 14.2;
					};
				};
			};
			buildConfigurationList = 3F4A18572A6061EA00E8B496 /* Build configuration list for PBXProject "StepCounter" */;
			compatibilityVersion = "Xcode 14.0";
			developmentRegion = en;
			hasScannedForEncodings = 0;
			knownRegions = (
				en,
				Base,
			);
			mainGroup = 3F4A18532A6061EA00E8B496;
			productRefGroup = 3F4A185D2A6061EA00E8B496 /* Products */;
			projectDirPath = "";
			projectRoot = "";
			targets = (
				3F4A185B2A6061EA00E8B496 /* StepCounter */,
				3F4A18702A60621600E8B496 /* StepCounterWidgetExtension */,
			);
		};
/* End PBXProject section */

/* Begin PBXResourcesBuildPhase section */
		3F4A185A2A6061EA00E8B496 /* Resources */ = {
			isa = PBXResourcesBuildPhase;
			buildActionMask = 2147483647;
			files = (
				3F4A18672A6061EA00E8B496 /* Preview Assets.xcassets in Resources */,
				3F4A18642A6061EA00E8B496 /* Assets.xcassets in Resources */,
			);
			runOnlyForDeploymentPostprocessing = 0;
		};
		3F4A186F2A60621600E8B496 /* Resources */ = {
			isa = PBXResourcesBuildPhase;
			buildActionMask = 2147483647;
			files = (
				3F4A18802A60621800E8B496 /* Assets.xcassets in Resources */,
				3F4A188C2A6067E400E8B496 /* PoetsenOne-Regular.ttf in Resources */,
			);
			runOnlyForDeploymentPostprocessing = 0;
		};
/* End PBXResourcesBuildPhase section */

/* Begin PBXSourcesBuildPhase section */
		3F4A18582A6061EA00E8B496 /* Sources */ = {
			isa = PBXSourcesBuildPhase;
			buildActionMask = 2147483647;
			files = (
				3F4A18622A6061EA00E8B496 /* ContentView.swift in Sources */,
				3F4A18602A6061EA00E8B496 /* StepCounterApp.swift in Sources */,
				3F4A18832A60621800E8B496 /* StepCounterWidget.intentdefinition in Sources */,
				3F4A18992A6075EC00E8B496 /* CountSteps.swift in Sources */,
			);
			runOnlyForDeploymentPostprocessing = 0;
		};
		3F4A186D2A60621600E8B496 /* Sources */ = {
			isa = PBXSourcesBuildPhase;
			buildActionMask = 2147483647;
			files = (
				3F4A18792A60621600E8B496 /* StepCounterWidgetBundle.swift in Sources */,
				3F61BD7C2A60A32C0078AA1E /* CountSteps.swift in Sources */,
				3F4A187B2A60621600E8B496 /* StepCounterWidgetLiveActivity.swift in Sources */,
				3F4A187D2A60621600E8B496 /* StepCounterWidget.swift in Sources */,
				3F4A18822A60621800E8B496 /* StepCounterWidget.intentdefinition in Sources */,
			);
			runOnlyForDeploymentPostprocessing = 0;
		};
/* End PBXSourcesBuildPhase section */

/* Begin PBXTargetDependency section */
		3F4A18852A60621800E8B496 /* PBXTargetDependency */ = {
			isa = PBXTargetDependency;
			target = 3F4A18702A60621600E8B496 /* StepCounterWidgetExtension */;
			targetProxy = 3F4A18842A60621800E8B496 /* PBXContainerItemProxy */;
		};
/* End PBXTargetDependency section */

/* Begin XCBuildConfiguration section */
		3F4A18682A6061EA00E8B496 /* Debug */ = {
			isa = XCBuildConfiguration;
			buildSettings = {
				ALWAYS_SEARCH_USER_PATHS = NO;
				CLANG_ANALYZER_NONNULL = YES;
				CLANG_ANALYZER_NUMBER_OBJECT_CONVERSION = YES_AGGRESSIVE;
				CLANG_CXX_LANGUAGE_STANDARD = "gnu++20";
				CLANG_ENABLE_MODULES = YES;
				CLANG_ENABLE_OBJC_ARC = YES;
				CLANG_ENABLE_OBJC_WEAK = YES;
				CLANG_WARN_BLOCK_CAPTURE_AUTORELEASING = YES;
				CLANG_WARN_BOOL_CONVERSION = YES;
				CLANG_WARN_COMMA = YES;
				CLANG_WARN_CONSTANT_CONVERSION = YES;
				CLANG_WARN_DEPRECATED_OBJC_IMPLEMENTATIONS = YES;
				CLANG_WARN_DIRECT_OBJC_ISA_USAGE = YES_ERROR;
				CLANG_WARN_DOCUMENTATION_COMMENTS = YES;
				CLANG_WARN_EMPTY_BODY = YES;
				CLANG_WARN_ENUM_CONVERSION = YES;
				CLANG_WARN_INFINITE_RECURSION = YES;
				CLANG_WARN_INT_CONVERSION = YES;
				CLANG_WARN_NON_LITERAL_NULL_CONVERSION = YES;
				CLANG_WARN_OBJC_IMPLICIT_RETAIN_SELF = YES;
				CLANG_WARN_OBJC_LITERAL_CONVERSION = YES;
				CLANG_WARN_OBJC_ROOT_CLASS = YES_ERROR;
				CLANG_WARN_QUOTED_INCLUDE_IN_FRAMEWORK_HEADER = YES;
				CLANG_WARN_RANGE_LOOP_ANALYSIS = YES;
				CLANG_WARN_STRICT_PROTOTYPES = YES;
				CLANG_WARN_SUSPICIOUS_MOVE = YES;
				CLANG_WARN_UNGUARDED_AVAILABILITY = YES_AGGRESSIVE;
				CLANG_WARN_UNREACHABLE_CODE = YES;
				CLANG_WARN__DUPLICATE_METHOD_MATCH = YES;
				COPY_PHASE_STRIP = NO;
				DEBUG_INFORMATION_FORMAT = dwarf;
				ENABLE_STRICT_OBJC_MSGSEND = YES;
				ENABLE_TESTABILITY = YES;
				GCC_C_LANGUAGE_STANDARD = gnu11;
				GCC_DYNAMIC_NO_PIC = NO;
				GCC_NO_COMMON_BLOCKS = YES;
				GCC_OPTIMIZATION_LEVEL = 0;
				GCC_PREPROCESSOR_DEFINITIONS = (
					"DEBUG=1",
					"$(inherited)",
				);
				GCC_WARN_64_TO_32_BIT_CONVERSION = YES;
				GCC_WARN_ABOUT_RETURN_TYPE = YES_ERROR;
				GCC_WARN_UNDECLARED_SELECTOR = YES;
				GCC_WARN_UNINITIALIZED_AUTOS = YES_AGGRESSIVE;
				GCC_WARN_UNUSED_FUNCTION = YES;
				GCC_WARN_UNUSED_VARIABLE = YES;
				IPHONEOS_DEPLOYMENT_TARGET = 16.2;
				MTL_ENABLE_DEBUG_INFO = INCLUDE_SOURCE;
				MTL_FAST_MATH = YES;
				ONLY_ACTIVE_ARCH = YES;
				SDKROOT = iphoneos;
				SWIFT_ACTIVE_COMPILATION_CONDITIONS = DEBUG;
				SWIFT_OPTIMIZATION_LEVEL = "-Onone";
			};
			name = Debug;
		};
		3F4A18692A6061EA00E8B496 /* Release */ = {
			isa = XCBuildConfiguration;
			buildSettings = {
				ALWAYS_SEARCH_USER_PATHS = NO;
				CLANG_ANALYZER_NONNULL = YES;
				CLANG_ANALYZER_NUMBER_OBJECT_CONVERSION = YES_AGGRESSIVE;
				CLANG_CXX_LANGUAGE_STANDARD = "gnu++20";
				CLANG_ENABLE_MODULES = YES;
				CLANG_ENABLE_OBJC_ARC = YES;
				CLANG_ENABLE_OBJC_WEAK = YES;
				CLANG_WARN_BLOCK_CAPTURE_AUTORELEASING = YES;
				CLANG_WARN_BOOL_CONVERSION = YES;
				CLANG_WARN_COMMA = YES;
				CLANG_WARN_CONSTANT_CONVERSION = YES;
				CLANG_WARN_DEPRECATED_OBJC_IMPLEMENTATIONS = YES;
				CLANG_WARN_DIRECT_OBJC_ISA_USAGE = YES_ERROR;
				CLANG_WARN_DOCUMENTATION_COMMENTS = YES;
				CLANG_WARN_EMPTY_BODY = YES;
				CLANG_WARN_ENUM_CONVERSION = YES;
				CLANG_WARN_INFINITE_RECURSION = YES;
				CLANG_WARN_INT_CONVERSION = YES;
				CLANG_WARN_NON_LITERAL_NULL_CONVERSION = YES;
				CLANG_WARN_OBJC_IMPLICIT_RETAIN_SELF = YES;
				CLANG_WARN_OBJC_LITERAL_CONVERSION = YES;
				CLANG_WARN_OBJC_ROOT_CLASS = YES_ERROR;
				CLANG_WARN_QUOTED_INCLUDE_IN_FRAMEWORK_HEADER = YES;
				CLANG_WARN_RANGE_LOOP_ANALYSIS = YES;
				CLANG_WARN_STRICT_PROTOTYPES = YES;
				CLANG_WARN_SUSPICIOUS_MOVE = YES;
				CLANG_WARN_UNGUARDED_AVAILABILITY = YES_AGGRESSIVE;
				CLANG_WARN_UNREACHABLE_CODE = YES;
				CLANG_WARN__DUPLICATE_METHOD_MATCH = YES;
				COPY_PHASE_STRIP = NO;
				DEBUG_INFORMATION_FORMAT = "dwarf-with-dsym";
				ENABLE_NS_ASSERTIONS = NO;
				ENABLE_STRICT_OBJC_MSGSEND = YES;
				GCC_C_LANGUAGE_STANDARD = gnu11;
				GCC_NO_COMMON_BLOCKS = YES;
				GCC_WARN_64_TO_32_BIT_CONVERSION = YES;
				GCC_WARN_ABOUT_RETURN_TYPE = YES_ERROR;
				GCC_WARN_UNDECLARED_SELECTOR = YES;
				GCC_WARN_UNINITIALIZED_AUTOS = YES_AGGRESSIVE;
				GCC_WARN_UNUSED_FUNCTION = YES;
				GCC_WARN_UNUSED_VARIABLE = YES;
				IPHONEOS_DEPLOYMENT_TARGET = 16.2;
				MTL_ENABLE_DEBUG_INFO = NO;
				MTL_FAST_MATH = YES;
				SDKROOT = iphoneos;
				SWIFT_COMPILATION_MODE = wholemodule;
				SWIFT_OPTIMIZATION_LEVEL = "-O";
				VALIDATE_PRODUCT = YES;
			};
			name = Release;
		};
		3F4A186B2A6061EA00E8B496 /* Debug */ = {
			isa = XCBuildConfiguration;
			buildSettings = {
				ALWAYS_EMBED_SWIFT_STANDARD_LIBRARIES = YES;
				ASSETCATALOG_COMPILER_APPICON_NAME = AppIcon;
				ASSETCATALOG_COMPILER_GLOBAL_ACCENT_COLOR_NAME = AccentColor;
				CODE_SIGN_ENTITLEMENTS = StepCounter/StepCounter.entitlements;
				CODE_SIGN_STYLE = Automatic;
				CURRENT_PROJECT_VERSION = 1;
				DEVELOPMENT_ASSET_PATHS = "\"StepCounter/Preview Content\"";
				DEVELOPMENT_TEAM = "";
				ENABLE_PREVIEWS = YES;
				GENERATE_INFOPLIST_FILE = YES;
				INFOPLIST_KEY_NSHealthShareUsageDescription = "share the data with user";
				INFOPLIST_KEY_NSHealthUpdateUsageDescription = "this app display user data";
				INFOPLIST_KEY_UIApplicationSceneManifest_Generation = YES;
				INFOPLIST_KEY_UIApplicationSupportsIndirectInputEvents = YES;
				INFOPLIST_KEY_UILaunchScreen_Generation = YES;
				INFOPLIST_KEY_UISupportedInterfaceOrientations_iPad = "UIInterfaceOrientationPortrait UIInterfaceOrientationPortraitUpsideDown UIInterfaceOrientationLandscapeLeft UIInterfaceOrientationLandscapeRight";
				INFOPLIST_KEY_UISupportedInterfaceOrientations_iPhone = "UIInterfaceOrientationPortrait UIInterfaceOrientationLandscapeLeft UIInterfaceOrientationLandscapeRight";
				LD_RUNPATH_SEARCH_PATHS = (
					"$(inherited)",
					"@executable_path/Frameworks",
				);
				MARKETING_VERSION = 1.0;
				PRODUCT_BUNDLE_IDENTIFIER = khantamim.StepCounter;
				PRODUCT_NAME = "$(TARGET_NAME)";
				SWIFT_EMIT_LOC_STRINGS = YES;
				SWIFT_VERSION = 5.0;
				TARGETED_DEVICE_FAMILY = "1,2";
			};
			name = Debug;
		};
		3F4A186C2A6061EA00E8B496 /* Release */ = {
			isa = XCBuildConfiguration;
			buildSettings = {
				ALWAYS_EMBED_SWIFT_STANDARD_LIBRARIES = YES;
				ASSETCATALOG_COMPILER_APPICON_NAME = AppIcon;
				ASSETCATALOG_COMPILER_GLOBAL_ACCENT_COLOR_NAME = AccentColor;
				CODE_SIGN_ENTITLEMENTS = StepCounter/StepCounter.entitlements;
				CODE_SIGN_STYLE = Automatic;
				CURRENT_PROJECT_VERSION = 1;
				DEVELOPMENT_ASSET_PATHS = "\"StepCounter/Preview Content\"";
				DEVELOPMENT_TEAM = "";
				ENABLE_PREVIEWS = YES;
				GENERATE_INFOPLIST_FILE = YES;
				INFOPLIST_KEY_NSHealthShareUsageDescription = "share the data with user";
				INFOPLIST_KEY_NSHealthUpdateUsageDescription = "this app display user data";
				INFOPLIST_KEY_UIApplicationSceneManifest_Generation = YES;
				INFOPLIST_KEY_UIApplicationSupportsIndirectInputEvents = YES;
				INFOPLIST_KEY_UILaunchScreen_Generation = YES;
				INFOPLIST_KEY_UISupportedInterfaceOrientations_iPad = "UIInterfaceOrientationPortrait UIInterfaceOrientationPortraitUpsideDown UIInterfaceOrientationLandscapeLeft UIInterfaceOrientationLandscapeRight";
				INFOPLIST_KEY_UISupportedInterfaceOrientations_iPhone = "UIInterfaceOrientationPortrait UIInterfaceOrientationLandscapeLeft UIInterfaceOrientationLandscapeRight";
				LD_RUNPATH_SEARCH_PATHS = (
					"$(inherited)",
					"@executable_path/Frameworks",
				);
				MARKETING_VERSION = 1.0;
				PRODUCT_BUNDLE_IDENTIFIER = khantamim.StepCounter;
				PRODUCT_NAME = "$(TARGET_NAME)";
				SWIFT_EMIT_LOC_STRINGS = YES;
				SWIFT_VERSION = 5.0;
				TARGETED_DEVICE_FAMILY = "1,2";
			};
			name = Release;
		};
		3F4A18882A60621800E8B496 /* Debug */ = {
			isa = XCBuildConfiguration;
			buildSettings = {
				ASSETCATALOG_COMPILER_GLOBAL_ACCENT_COLOR_NAME = AccentColor;
				ASSETCATALOG_COMPILER_WIDGET_BACKGROUND_COLOR_NAME = WidgetBackground;
				CODE_SIGN_ENTITLEMENTS = StepCounterWidgetExtension.entitlements;
				CODE_SIGN_STYLE = Automatic;
				CURRENT_PROJECT_VERSION = 1;
				DEVELOPMENT_TEAM = "";
				GENERATE_INFOPLIST_FILE = YES;
				INFOPLIST_FILE = StepCounterWidget/Info.plist;
				INFOPLIST_KEY_CFBundleDisplayName = StepCounterWidget;
				INFOPLIST_KEY_NSHealthShareUsageDescription = "share data with user";
				INFOPLIST_KEY_NSHealthUpdateUsageDescription = "this app display user data";
				INFOPLIST_KEY_NSHumanReadableCopyright = "";
				LD_RUNPATH_SEARCH_PATHS = (
					"$(inherited)",
					"@executable_path/Frameworks",
					"@executable_path/../../Frameworks",
				);
				MARKETING_VERSION = 1.0;
				PRODUCT_BUNDLE_IDENTIFIER = khantamim.StepCounter.StepCounterWidget;
				PRODUCT_NAME = "$(TARGET_NAME)";
				SKIP_INSTALL = YES;
				SWIFT_EMIT_LOC_STRINGS = YES;
				SWIFT_VERSION = 5.0;
				TARGETED_DEVICE_FAMILY = "1,2";
			};
			name = Debug;
		};
		3F4A18892A60621800E8B496 /* Release */ = {
			isa = XCBuildConfiguration;
			buildSettings = {
				ASSETCATALOG_COMPILER_GLOBAL_ACCENT_COLOR_NAME = AccentColor;
				ASSETCATALOG_COMPILER_WIDGET_BACKGROUND_COLOR_NAME = WidgetBackground;
				CODE_SIGN_ENTITLEMENTS = StepCounterWidgetExtension.entitlements;
				CODE_SIGN_STYLE = Automatic;
				CURRENT_PROJECT_VERSION = 1;
				DEVELOPMENT_TEAM = "";
				GENERATE_INFOPLIST_FILE = YES;
				INFOPLIST_FILE = StepCounterWidget/Info.plist;
				INFOPLIST_KEY_CFBundleDisplayName = StepCounterWidget;
				INFOPLIST_KEY_NSHealthShareUsageDescription = "share data with user";
				INFOPLIST_KEY_NSHealthUpdateUsageDescription = "this app display user data";
				INFOPLIST_KEY_NSHumanReadableCopyright = "";
				LD_RUNPATH_SEARCH_PATHS = (
					"$(inherited)",
					"@executable_path/Frameworks",
					"@executable_path/../../Frameworks",
				);
				MARKETING_VERSION = 1.0;
				PRODUCT_BUNDLE_IDENTIFIER = khantamim.StepCounter.StepCounterWidget;
				PRODUCT_NAME = "$(TARGET_NAME)";
				SKIP_INSTALL = YES;
				SWIFT_EMIT_LOC_STRINGS = YES;
				SWIFT_VERSION = 5.0;
				TARGETED_DEVICE_FAMILY = "1,2";
			};
			name = Release;
		};
/* End XCBuildConfiguration section */

/* Begin XCConfigurationList section */
		3F4A18572A6061EA00E8B496 /* Build configuration list for PBXProject "StepCounter" */ = {
			isa = XCConfigurationList;
			buildConfigurations = (
				3F4A18682A6061EA00E8B496 /* Debug */,
				3F4A18692A6061EA00E8B496 /* Release */,
			);
			defaultConfigurationIsVisible = 0;
			defaultConfigurationName = Release;
		};
		3F4A186A2A6061EA00E8B496 /* Build configuration list for PBXNativeTarget "StepCounter" */ = {
			isa = XCConfigurationList;
			buildConfigurations = (
				3F4A186B2A6061EA00E8B496 /* Debug */,
				3F4A186C2A6061EA00E8B496 /* Release */,
			);
			defaultConfigurationIsVisible = 0;
			defaultConfigurationName = Release;
		};
		3F4A18872A60621800E8B496 /* Build configuration list for PBXNativeTarget "StepCounterWidgetExtension" */ = {
			isa = XCConfigurationList;
			buildConfigurations = (
				3F4A18882A60621800E8B496 /* Debug */,
				3F4A18892A60621800E8B496 /* Release */,
			);
			defaultConfigurationIsVisible = 0;
			defaultConfigurationName = Release;
		};
/* End XCConfigurationList section */
	};
	rootObject = 3F4A18542A6061EA00E8B496 /* Project object */;
}
